
Microsoft Visual Studio Solution File, Format Version 12.00
# Visual Studio Version 16
VisualStudioVersion = 16.0.31624.102
MinimumVisualStudioVersion = 10.0.40219.1
Project("{FAE04EC0-301F-11D3-BF4B-00C04F79EFBC}") = "Udemy publish", "Udemy publish.csproj", "{FAE2B659-67DE-4EA0-BF9A-8D8DCF25375E}"
EndProject
Global
	GlobalSection(SolutionConfigurationPlatforms) = preSolution
		Debug|Any CPU = Debug|Any CPU
		Release|Any CPU = Release|Any CPU
	EndGlobalSection
	GlobalSection(ProjectConfigurationPlatforms) = postSolution
		{FAE2B659-67DE-4EA0-BF9A-8D8DCF25375E}.Debug|Any CPU.ActiveCfg = Debug|Any CPU
		{FAE2B659-67DE-4EA0-BF9A-8D8DCF25375E}.Debug|Any CPU.Build.0 = Debug|Any CPU
		{FAE2B659-67DE-4EA0-BF9A-8D8DCF25375E}.Release|Any CPU.ActiveCfg = Release|Any CPU
		{FAE2B659-67DE-4EA0-BF9A-8D8DCF25375E}.Release|Any CPU.Build.0 = Release|Any CPU
	EndGlobalSection
	GlobalSection(SolutionProperties) = preSolution
		HideSolutionNode = FALSE
	EndGlobalSection
	GlobalSection(ExtensibilityGlobals) = postSolution
		SolutionGuid = {A37E3333-D3A3-487C-8E45-B1234252E4CA}
	EndGlobalSection
EndGlobal
